
Microsoft Visual Studio Solution File, Format Version 12.00
# Visual Studio 15
VisualStudioVersion = 15.0.27703.2026
MinimumVisualStudioVersion = 10.0.40219.1
Project("{FAE04EC0-301F-11D3-BF4B-00C04F79EFBC}") = "PravaStranaUlice.Web", "PravaStranaUlice.Web\PravaStranaUlice.Web.csproj", "{DC8482B6-CAE1-4CDE-9E59-965A4ABC7F54}"
EndProject
Project("{FAE04EC0-301F-11D3-BF4B-00C04F79EFBC}") = "PravaStranaUlice.Common", "PravaStranaUlice.Common\PravaStranaUlice.Common.csproj", "{44EA5768-A92D-4380-848E-A4B2C07158D6}"
EndProject
Project("{FAE04EC0-301F-11D3-BF4B-00C04F79EFBC}") = "PravaStranaUlice.Core", "PravaStranaUlice.Core\PravaStranaUlice.Core.csproj", "{E8C6667B-38C8-4258-9313-F8B83D79E43A}"
EndProject
Project("{FAE04EC0-301F-11D3-BF4B-00C04F79EFBC}") = "PravaStranaUlice.Models", "PravaStranaUlice.Models\PravaStranaUlice.Models.csproj", "{3BE753D9-F1A1-427F-BA6E-84C9C55A18D5}"
EndProject
Project("{2150E333-8FDC-42A3-9474-1A3956D46DE8}") = "Solution Items", "Solution Items", "{97E86AD5-1422-498C-BE27-5A861018DD6A}"
	ProjectSection(SolutionItems) = preProject
		ReadMe.txt = ReadMe.txt
		Versions.txt = Versions.txt
	EndProjectSection
EndProject
Global
	GlobalSection(SolutionConfigurationPlatforms) = preSolution
		Debug|Any CPU = Debug|Any CPU
		Release|Any CPU = Release|Any CPU
	EndGlobalSection
	GlobalSection(ProjectConfigurationPlatforms) = postSolution
		{DC8482B6-CAE1-4CDE-9E59-965A4ABC7F54}.Debug|Any CPU.ActiveCfg = Debug|Any CPU
		{DC8482B6-CAE1-4CDE-9E59-965A4ABC7F54}.Debug|Any CPU.Build.0 = Debug|Any CPU
		{DC8482B6-CAE1-4CDE-9E59-965A4ABC7F54}.Release|Any CPU.ActiveCfg = Release|Any CPU
		{DC8482B6-CAE1-4CDE-9E59-965A4ABC7F54}.Release|Any CPU.Build.0 = Release|Any CPU
		{44EA5768-A92D-4380-848E-A4B2C07158D6}.Debug|Any CPU.ActiveCfg = Debug|Any CPU
		{44EA5768-A92D-4380-848E-A4B2C07158D6}.Debug|Any CPU.Build.0 = Debug|Any CPU
		{44EA5768-A92D-4380-848E-A4B2C07158D6}.Release|Any CPU.ActiveCfg = Release|Any CPU
		{44EA5768-A92D-4380-848E-A4B2C07158D6}.Release|Any CPU.Build.0 = Release|Any CPU
		{E8C6667B-38C8-4258-9313-F8B83D79E43A}.Debug|Any CPU.ActiveCfg = Debug|Any CPU
		{E8C6667B-38C8-4258-9313-F8B83D79E43A}.Debug|Any CPU.Build.0 = Debug|Any CPU
		{E8C6667B-38C8-4258-9313-F8B83D79E43A}.Release|Any CPU.ActiveCfg = Release|Any CPU
		{E8C6667B-38C8-4258-9313-F8B83D79E43A}.Release|Any CPU.Build.0 = Release|Any CPU
		{3BE753D9-F1A1-427F-BA6E-84C9C55A18D5}.Debug|Any CPU.ActiveCfg = Debug|Any CPU
		{3BE753D9-F1A1-427F-BA6E-84C9C55A18D5}.Debug|Any CPU.Build.0 = Debug|Any CPU
		{3BE753D9-F1A1-427F-BA6E-84C9C55A18D5}.Release|Any CPU.ActiveCfg = Release|Any CPU
		{3BE753D9-F1A1-427F-BA6E-84C9C55A18D5}.Release|Any CPU.Build.0 = Release|Any CPU
	EndGlobalSection
	GlobalSection(SolutionProperties) = preSolution
		HideSolutionNode = FALSE
	EndGlobalSection
	GlobalSection(ExtensibilityGlobals) = postSolution
		SolutionGuid = {FB109988-4A3F-40D8-BE26-686EE7A01386}
	EndGlobalSection
EndGlobal
